// !$*UTF8*$!
{
	archiveVersion = 1;
	classes = {
	};
	objectVersion = 46;
	objects = {

/* Begin PBXBuildFile section */
		0F76D52015F4A0FC00055E15 /* UIKit.framework in Frameworks */ = {isa = PBXBuildFile; fileRef = 0F76D51F15F4A0FC00055E15 /* UIKit.framework */; };
		0F76D52215F4A0FC00055E15 /* Foundation.framework in Frameworks */ = {isa = PBXBuildFile; fileRef = 0F76D52115F4A0FC00055E15 /* Foundation.framework */; };
		0F76D52415F4A0FC00055E15 /* CoreGraphics.framework in Frameworks */ = {isa = PBXBuildFile; fileRef = 0F76D52315F4A0FC00055E15 /* CoreGraphics.framework */; };
		0F76D52A15F4A0FC00055E15 /* InfoPlist.strings in Resources */ = {isa = PBXBuildFile; fileRef = 0F76D52815F4A0FC00055E15 /* InfoPlist.strings */; };
		0F76D52C15F4A0FC00055E15 /* main.m in Sources */ = {isa = PBXBuildFile; fileRef = 0F76D52B15F4A0FC00055E15 /* main.m */; };
		0F76D53015F4A0FC00055E15 /* AppDelegate.m in Sources */ = {isa = PBXBuildFile; fileRef = 0F76D52F15F4A0FC00055E15 /* AppDelegate.m */; };
		0F76D53315F4A0FC00055E15 /* ViewController.m in Sources */ = {isa = PBXBuildFile; fileRef = 0F76D53215F4A0FC00055E15 /* ViewController.m */; };
		0F76D53615F4A0FC00055E15 /* ViewController.xib in Resources */ = {isa = PBXBuildFile; fileRef = 0F76D53415F4A0FC00055E15 /* ViewController.xib */; };
		0F76D53F15F4A3ED00055E15 /* libogg.a in Frameworks */ = {isa = PBXBuildFile; fileRef = 0F76D53C15F4A3ED00055E15 /* libogg.a */; };
		0F76D54015F4A3ED00055E15 /* libspeex.a in Frameworks */ = {isa = PBXBuildFile; fileRef = 0F76D53D15F4A3ED00055E15 /* libspeex.a */; };
		0F76D54115F4A3ED00055E15 /* libspeexdsp.a in Frameworks */ = {isa = PBXBuildFile; fileRef = 0F76D53E15F4A3ED00055E15 /* libspeexdsp.a */; };
		0F76D55215F4A43C00055E15 /* AVFoundation.framework in Frameworks */ = {isa = PBXBuildFile; fileRef = 0F76D55115F4A43C00055E15 /* AVFoundation.framework */; };
		0F76D55415F4A44000055E15 /* CoreAudio.framework in Frameworks */ = {isa = PBXBuildFile; fileRef = 0F76D55315F4A44000055E15 /* CoreAudio.framework */; };
		55A37A9B177D19A500F50512 /* Default-568h@2x.png in Resources */ = {isa = PBXBuildFile; fileRef = 55A37A9A177D19A500F50512 /* Default-568h@2x.png */; };
		55A37AA0177D1C4D00F50512 /* SpeexManager.m in Sources */ = {isa = PBXBuildFile; fileRef = 55A37A9F177D1C4D00F50512 /* SpeexManager.m */; };
		55A37AA3177D1CCF00F50512 /* SpeexRecorder.m in Sources */ = {isa = PBXBuildFile; fileRef = 55A37AA2177D1CCF00F50512 /* SpeexRecorder.m */; };
		55A37AA6177D1CE300F50512 /* SpeexPlayer.m in Sources */ = {isa = PBXBuildFile; fileRef = 55A37AA5177D1CE300F50512 /* SpeexPlayer.m */; };
		55A37AA8177D2CF500F50512 /* AudioToolbox.framework in Frameworks */ = {isa = PBXBuildFile; fileRef = 55A37AA7177D2CF500F50512 /* AudioToolbox.framework */; };
		55A37AAC177D2F9500F50512 /* VoiceViewController.m in Sources */ = {isa = PBXBuildFile; fileRef = 55A37AAA177D2F9500F50512 /* VoiceViewController.m */; };
		55A37AAD177D2F9500F50512 /* VoiceViewController.xib in Resources */ = {isa = PBXBuildFile; fileRef = 55A37AAB177D2F9500F50512 /* VoiceViewController.xib */; };
/* End PBXBuildFile section */

/* Begin PBXFileReference section */
		0F41F83615F5A20D00C66794 /* speex.h */ = {isa = PBXFileReference; fileEncoding = 4; lastKnownFileType = sourcecode.c.h; path = speex.h; sourceTree = "<group>"; };
		0F41F83715F5A20D00C66794 /* speex_bits.h */ = {isa = PBXFileReference; fileEncoding = 4; lastKnownFileType = sourcecode.c.h; path = speex_bits.h; sourceTree = "<group>"; };
		0F41F83815F5A20D00C66794 /* speex_buffer.h */ = {isa = PBXFileReference; fileEncoding = 4; lastKnownFileType = sourcecode.c.h; path = speex_buffer.h; sourceTree = "<group>"; };
		0F41F83915F5A20D00C66794 /* speex_callbacks.h */ = {isa = PBXFileReference; fileEncoding = 4; lastKnownFileType = sourcecode.c.h; path = speex_callbacks.h; sourceTree = "<group>"; };
		0F41F83A15F5A20D00C66794 /* speex_config_types.h */ = {isa = PBXFileReference; fileEncoding = 4; lastKnownFileType = sourcecode.c.h; path = speex_config_types.h; sourceTree = "<group>"; };
		0F41F83B15F5A20D00C66794 /* speex_echo.h */ = {isa = PBXFileReference; fileEncoding = 4; lastKnownFileType = sourcecode.c.h; path = speex_echo.h; sourceTree = "<group>"; };
		0F41F83C15F5A20D00C66794 /* speex_header.h */ = {isa = PBXFileReference; fileEncoding = 4; lastKnownFileType = sourcecode.c.h; path = speex_header.h; sourceTree = "<group>"; };
		0F41F83D15F5A20D00C66794 /* speex_jitter.h */ = {isa = PBXFileReference; fileEncoding = 4; lastKnownFileType = sourcecode.c.h; path = speex_jitter.h; sourceTree = "<group>"; };
		0F41F83E15F5A20D00C66794 /* speex_preprocess.h */ = {isa = PBXFileReference; fileEncoding = 4; lastKnownFileType = sourcecode.c.h; path = speex_preprocess.h; sourceTree = "<group>"; };
		0F41F83F15F5A20D00C66794 /* speex_resampler.h */ = {isa = PBXFileReference; fileEncoding = 4; lastKnownFileType = sourcecode.c.h; path = speex_resampler.h; sourceTree = "<group>"; };
		0F41F84015F5A20D00C66794 /* speex_stereo.h */ = {isa = PBXFileReference; fileEncoding = 4; lastKnownFileType = sourcecode.c.h; path = speex_stereo.h; sourceTree = "<group>"; };
		0F41F84115F5A20D00C66794 /* speex_types.h */ = {isa = PBXFileReference; fileEncoding = 4; lastKnownFileType = sourcecode.c.h; path = speex_types.h; sourceTree = "<group>"; };
		0F41F84215F5A23B00C66794 /* SpeexAllHeader.h */ = {isa = PBXFileReference; fileEncoding = 4; lastKnownFileType = sourcecode.c.h; path = SpeexAllHeader.h; sourceTree = "<group>"; };
		0F76D51B15F4A0FC00055E15 /* TEST_Speex_001.app */ = {isa = PBXFileReference; explicitFileType = wrapper.application; includeInIndex = 0; path = TEST_Speex_001.app; sourceTree = BUILT_PRODUCTS_DIR; };
		0F76D51F15F4A0FC00055E15 /* UIKit.framework */ = {isa = PBXFileReference; lastKnownFileType = wrapper.framework; name = UIKit.framework; path = System/Library/Frameworks/UIKit.framework; sourceTree = SDKROOT; };
		0F76D52115F4A0FC00055E15 /* Foundation.framework */ = {isa = PBXFileReference; lastKnownFileType = wrapper.framework; name = Foundation.framework; path = System/Library/Frameworks/Foundation.framework; sourceTree = SDKROOT; };
		0F76D52315F4A0FC00055E15 /* CoreGraphics.framework */ = {isa = PBXFileReference; lastKnownFileType = wrapper.framework; name = CoreGraphics.framework; path = System/Library/Frameworks/CoreGraphics.framework; sourceTree = SDKROOT; };
		0F76D52715F4A0FC00055E15 /* TEST_Speex_001-Info.plist */ = {isa = PBXFileReference; lastKnownFileType = text.plist.xml; path = "TEST_Speex_001-Info.plist"; sourceTree = "<group>"; };
		0F76D52915F4A0FC00055E15 /* en */ = {isa = PBXFileReference; lastKnownFileType = text.plist.strings; name = en; path = en.lproj/InfoPlist.strings; sourceTree = "<group>"; };
		0F76D52B15F4A0FC00055E15 /* main.m */ = {isa = PBXFileReference; lastKnownFileType = sourcecode.c.objc; path = main.m; sourceTree = "<group>"; };
		0F76D52D15F4A0FC00055E15 /* TEST_Speex_001-Prefix.pch */ = {isa = PBXFileReference; lastKnownFileType = sourcecode.c.h; path = "TEST_Speex_001-Prefix.pch"; sourceTree = "<group>"; };
		0F76D52E15F4A0FC00055E15 /* AppDelegate.h */ = {isa = PBXFileReference; lastKnownFileType = sourcecode.c.h; path = AppDelegate.h; sourceTree = "<group>"; };
		0F76D52F15F4A0FC00055E15 /* AppDelegate.m */ = {isa = PBXFileReference; lastKnownFileType = sourcecode.c.objc; path = AppDelegate.m; sourceTree = "<group>"; };
		0F76D53115F4A0FC00055E15 /* ViewController.h */ = {isa = PBXFileReference; lastKnownFileType = sourcecode.c.h; path = ViewController.h; sourceTree = "<group>"; };
		0F76D53215F4A0FC00055E15 /* ViewController.m */ = {isa = PBXFileReference; lastKnownFileType = sourcecode.c.objc; path = ViewController.m; sourceTree = "<group>"; };
		0F76D53515F4A0FC00055E15 /* en */ = {isa = PBXFileReference; lastKnownFileType = file.xib; name = en; path = en.lproj/ViewController.xib; sourceTree = "<group>"; };
		0F76D53C15F4A3ED00055E15 /* libogg.a */ = {isa = PBXFileReference; lastKnownFileType = archive.ar; path = libogg.a; sourceTree = "<group>"; };
		0F76D53D15F4A3ED00055E15 /* libspeex.a */ = {isa = PBXFileReference; lastKnownFileType = archive.ar; path = libspeex.a; sourceTree = "<group>"; };
		0F76D53E15F4A3ED00055E15 /* libspeexdsp.a */ = {isa = PBXFileReference; lastKnownFileType = archive.ar; path = libspeexdsp.a; sourceTree = "<group>"; };
		0F76D55115F4A43C00055E15 /* AVFoundation.framework */ = {isa = PBXFileReference; lastKnownFileType = wrapper.framework; name = AVFoundation.framework; path = System/Library/Frameworks/AVFoundation.framework; sourceTree = SDKROOT; };
		0F76D55315F4A44000055E15 /* CoreAudio.framework */ = {isa = PBXFileReference; lastKnownFileType = wrapper.framework; name = CoreAudio.framework; path = System/Library/Frameworks/CoreAudio.framework; sourceTree = SDKROOT; };
		55503A501817B5F000471D9F /* config_types.h */ = {isa = PBXFileReference; fileEncoding = 4; lastKnownFileType = sourcecode.c.h; path = config_types.h; sourceTree = "<group>"; };
		55503A511817B5F000471D9F /* ogg.h */ = {isa = PBXFileReference; fileEncoding = 4; lastKnownFileType = sourcecode.c.h; path = ogg.h; sourceTree = "<group>"; };
		55503A521817B5F000471D9F /* os_types.h */ = {isa = PBXFileReference; fileEncoding = 4; lastKnownFileType = sourcecode.c.h; path = os_types.h; sourceTree = "<group>"; };
		55563BB51818F5EB00B80107 /* SpeexPlayer.h */ = {isa = PBXFileReference; fileEncoding = 4; lastKnownFileType = sourcecode.c.h; path = SpeexPlayer.h; sourceTree = "<group>"; };
		55563BB61818F5EB00B80107 /* SpeexRecorder.h */ = {isa = PBXFileReference; fileEncoding = 4; lastKnownFileType = sourcecode.c.h; path = SpeexRecorder.h; sourceTree = "<group>"; };
		55A37A9A177D19A500F50512 /* Default-568h@2x.png */ = {isa = PBXFileReference; lastKnownFileType = image.png; path = "Default-568h@2x.png"; sourceTree = "<group>"; };
		55A37A9C177D1B6300F50512 /* SpeexManager.h */ = {isa = PBXFileReference; fileEncoding = 4; lastKnownFileType = sourcecode.c.h; path = SpeexManager.h; sourceTree = "<group>"; };
		55A37A9F177D1C4D00F50512 /* SpeexManager.m */ = {isa = PBXFileReference; fileEncoding = 4; lastKnownFileType = sourcecode.c.objc; path = SpeexManager.m; sourceTree = "<group>"; };
		55A37AA2177D1CCF00F50512 /* SpeexRecorder.m */ = {isa = PBXFileReference; fileEncoding = 4; lastKnownFileType = sourcecode.c.objc; path = SpeexRecorder.m; sourceTree = "<group>"; };
		55A37AA5177D1CE300F50512 /* SpeexPlayer.m */ = {isa = PBXFileReference; fileEncoding = 4; lastKnownFileType = sourcecode.c.objc; path = SpeexPlayer.m; sourceTree = "<group>"; };
		55A37AA7177D2CF500F50512 /* AudioToolbox.framework */ = {isa = PBXFileReference; lastKnownFileType = wrapper.framework; name = AudioToolbox.framework; path = System/Library/Frameworks/AudioToolbox.framework; sourceTree = SDKROOT; };
		55A37AA9177D2F9500F50512 /* VoiceViewController.h */ = {isa = PBXFileReference; fileEncoding = 4; lastKnownFileType = sourcecode.c.h; path = VoiceViewController.h; sourceTree = "<group>"; };
		55A37AAA177D2F9500F50512 /* VoiceViewController.m */ = {isa = PBXFileReference; fileEncoding = 4; lastKnownFileType = sourcecode.c.objc; path = VoiceViewController.m; sourceTree = "<group>"; };
		55A37AAB177D2F9500F50512 /* VoiceViewController.xib */ = {isa = PBXFileReference; fileEncoding = 4; lastKnownFileType = file.xib; path = VoiceViewController.xib; sourceTree = "<group>"; };
/* End PBXFileReference section */

/* Begin PBXFrameworksBuildPhase section */
		0F76D51815F4A0FC00055E15 /* Frameworks */ = {
			isa = PBXFrameworksBuildPhase;
			buildActionMask = 2147483647;
			files = (
				55A37AA8177D2CF500F50512 /* AudioToolbox.framework in Frameworks */,
				0F76D55415F4A44000055E15 /* CoreAudio.framework in Frameworks */,
				0F76D55215F4A43C00055E15 /* AVFoundation.framework in Frameworks */,
				0F76D52015F4A0FC00055E15 /* UIKit.framework in Frameworks */,
				0F76D52215F4A0FC00055E15 /* Foundation.framework in Frameworks */,
				0F76D52415F4A0FC00055E15 /* CoreGraphics.framework in Frameworks */,
				0F76D53F15F4A3ED00055E15 /* libogg.a in Frameworks */,
				0F76D54015F4A3ED00055E15 /* libspeex.a in Frameworks */,
				0F76D54115F4A3ED00055E15 /* libspeexdsp.a in Frameworks */,
			);
			runOnlyForDeploymentPostprocessing = 0;
		};
/* End PBXFrameworksBuildPhase section */

/* Begin PBXGroup section */
		0F41F83515F5A20D00C66794 /* speex */ = {
			isa = PBXGroup;
			children = (
				0F41F83615F5A20D00C66794 /* speex.h */,
				0F41F83715F5A20D00C66794 /* speex_bits.h */,
				0F41F83815F5A20D00C66794 /* speex_buffer.h */,
				0F41F83915F5A20D00C66794 /* speex_callbacks.h */,
				0F41F83A15F5A20D00C66794 /* speex_config_types.h */,
				0F41F83B15F5A20D00C66794 /* speex_echo.h */,
				0F41F83C15F5A20D00C66794 /* speex_header.h */,
				0F41F83D15F5A20D00C66794 /* speex_jitter.h */,
				0F41F83E15F5A20D00C66794 /* speex_preprocess.h */,
				0F41F83F15F5A20D00C66794 /* speex_resampler.h */,
				0F41F84015F5A20D00C66794 /* speex_stereo.h */,
				0F41F84115F5A20D00C66794 /* speex_types.h */,
			);
			path = speex;
			sourceTree = "<group>";
		};
		0F76D51015F4A0FC00055E15 = {
			isa = PBXGroup;
			children = (
				55A37A9A177D19A500F50512 /* Default-568h@2x.png */,
				0F76D52515F4A0FC00055E15 /* TEST_Speex_001 */,
				0F76D51E15F4A0FC00055E15 /* Frameworks */,
				0F76D51C15F4A0FC00055E15 /* Products */,
			);
			sourceTree = "<group>";
		};
		0F76D51C15F4A0FC00055E15 /* Products */ = {
			isa = PBXGroup;
			children = (
				0F76D51B15F4A0FC00055E15 /* TEST_Speex_001.app */,
			);
			name = Products;
			sourceTree = "<group>";
		};
		0F76D51E15F4A0FC00055E15 /* Frameworks */ = {
			isa = PBXGroup;
			children = (
				0F76D55315F4A44000055E15 /* CoreAudio.framework */,
				0F76D55115F4A43C00055E15 /* AVFoundation.framework */,
				55A37AA7177D2CF500F50512 /* AudioToolbox.framework */,
				0F76D53C15F4A3ED00055E15 /* libogg.a */,
				0F76D53D15F4A3ED00055E15 /* libspeex.a */,
				0F76D53E15F4A3ED00055E15 /* libspeexdsp.a */,
				0F76D51F15F4A0FC00055E15 /* UIKit.framework */,
				0F76D52115F4A0FC00055E15 /* Foundation.framework */,
				0F76D52315F4A0FC00055E15 /* CoreGraphics.framework */,
			);
			name = Frameworks;
			sourceTree = "<group>";
		};
		0F76D52515F4A0FC00055E15 /* TEST_Speex_001 */ = {
			isa = PBXGroup;
			children = (
				0F41F84215F5A23B00C66794 /* SpeexAllHeader.h */,
				55503A4F1817B5F000471D9F /* ogg */,
				0F41F83515F5A20D00C66794 /* speex */,
				0F76D52E15F4A0FC00055E15 /* AppDelegate.h */,
				0F76D52F15F4A0FC00055E15 /* AppDelegate.m */,
				0F76D53115F4A0FC00055E15 /* ViewController.h */,
				0F76D53215F4A0FC00055E15 /* ViewController.m */,
				0F76D53415F4A0FC00055E15 /* ViewController.xib */,
				55A37AA9177D2F9500F50512 /* VoiceViewController.h */,
				55A37AAA177D2F9500F50512 /* VoiceViewController.m */,
				55A37AAB177D2F9500F50512 /* VoiceViewController.xib */,
				55563BB718190D2600B80107 /* SpeexObjects */,
				0F76D52615F4A0FC00055E15 /* Supporting Files */,
			);
			path = TEST_Speex_001;
			sourceTree = "<group>";
		};
		0F76D52615F4A0FC00055E15 /* Supporting Files */ = {
			isa = PBXGroup;
			children = (
				0F76D52715F4A0FC00055E15 /* TEST_Speex_001-Info.plist */,
				0F76D52815F4A0FC00055E15 /* InfoPlist.strings */,
				0F76D52B15F4A0FC00055E15 /* main.m */,
				0F76D52D15F4A0FC00055E15 /* TEST_Speex_001-Prefix.pch */,
			);
			name = "Supporting Files";
			sourceTree = "<group>";
		};
		55503A4F1817B5F000471D9F /* ogg */ = {
			isa = PBXGroup;
			children = (
				55503A501817B5F000471D9F /* config_types.h */,
				55503A511817B5F000471D9F /* ogg.h */,
				55503A521817B5F000471D9F /* os_types.h */,
			);
			path = ogg;
			sourceTree = "<group>";
		};
		55563BB718190D2600B80107 /* SpeexObjects */ = {
			isa = PBXGroup;
			children = (
				55A37A9C177D1B6300F50512 /* SpeexManager.h */,
				55A37A9F177D1C4D00F50512 /* SpeexManager.m */,
				55563BB61818F5EB00B80107 /* SpeexRecorder.h */,
				55A37AA2177D1CCF00F50512 /* SpeexRecorder.m */,
				55563BB51818F5EB00B80107 /* SpeexPlayer.h */,
				55A37AA5177D1CE300F50512 /* SpeexPlayer.m */,
			);
			name = SpeexObjects;
			sourceTree = "<group>";
		};
/* End PBXGroup section */

/* Begin PBXNativeTarget section */
		0F76D51A15F4A0FC00055E15 /* TEST_Speex_001 */ = {
			isa = PBXNativeTarget;
			buildConfigurationList = 0F76D53915F4A0FC00055E15 /* Build configuration list for PBXNativeTarget "TEST_Speex_001" */;
			buildPhases = (
				0F76D51715F4A0FC00055E15 /* Sources */,
				0F76D51815F4A0FC00055E15 /* Frameworks */,
				0F76D51915F4A0FC00055E15 /* Resources */,
			);
			buildRules = (
			);
			dependencies = (
			);
			name = TEST_Speex_001;
			productName = TEST_Speex_001;
			productReference = 0F76D51B15F4A0FC00055E15 /* TEST_Speex_001.app */;
			productType = "com.apple.product-type.application";
		};
/* End PBXNativeTarget section */

/* Begin PBXProject section */
		0F76D51215F4A0FC00055E15 /* Project object */ = {
			isa = PBXProject;
			attributes = {
				LastUpgradeCheck = 0500;
				ORGANIZATIONNAME = caixuejun;
			};
			buildConfigurationList = 0F76D51515F4A0FC00055E15 /* Build configuration list for PBXProject "TEST_Speex_001" */;
			compatibilityVersion = "Xcode 3.2";
			developmentRegion = English;
			hasScannedForEncodings = 0;
			knownRegions = (
				en,
			);
			mainGroup = 0F76D51015F4A0FC00055E15;
			productRefGroup = 0F76D51C15F4A0FC00055E15 /* Products */;
			projectDirPath = "";
			projectRoot = "";
			targets = (
				0F76D51A15F4A0FC00055E15 /* TEST_Speex_001 */,
			);
		};
/* End PBXProject section */

/* Begin PBXResourcesBuildPhase section */
		0F76D51915F4A0FC00055E15 /* Resources */ = {
			isa = PBXResourcesBuildPhase;
			buildActionMask = 2147483647;
			files = (
				55A37AAD177D2F9500F50512 /* VoiceViewController.xib in Resources */,
				0F76D52A15F4A0FC00055E15 /* InfoPlist.strings in Resources */,
				55A37A9B177D19A500F50512 /* Default-568h@2x.png in Resources */,
				0F76D53615F4A0FC00055E15 /* ViewController.xib in Resources */,
			);
			runOnlyForDeploymentPostprocessing = 0;
		};
/* End PBXResourcesBuildPhase section */

/* Begin PBXSourcesBuildPhase section */
		0F76D51715F4A0FC00055E15 /* Sources */ = {
			isa = PBXSourcesBuildPhase;
			buildActionMask = 2147483647;
			files = (
				55A37AA0177D1C4D00F50512 /* SpeexManager.m in Sources */,
				0F76D52C15F4A0FC00055E15 /* main.m in Sources */,
				0F76D53015F4A0FC00055E15 /* AppDelegate.m in Sources */,
				0F76D53315F4A0FC00055E15 /* ViewController.m in Sources */,
				55A37AAC177D2F9500F50512 /* VoiceViewController.m in Sources */,
				55A37AA6177D1CE300F50512 /* SpeexPlayer.m in Sources */,
				55A37AA3177D1CCF00F50512 /* SpeexRecorder.m in Sources */,
			);
			runOnlyForDeploymentPostprocessing = 0;
		};
/* End PBXSourcesBuildPhase section */

/* Begin PBXVariantGroup section */
		0F76D52815F4A0FC00055E15 /* InfoPlist.strings */ = {
			isa = PBXVariantGroup;
			children = (
				0F76D52915F4A0FC00055E15 /* en */,
			);
			name = InfoPlist.strings;
			sourceTree = "<group>";
		};
		0F76D53415F4A0FC00055E15 /* ViewController.xib */ = {
			isa = PBXVariantGroup;
			children = (
				0F76D53515F4A0FC00055E15 /* en */,
			);
			name = ViewController.xib;
			sourceTree = "<group>";
		};
/* End PBXVariantGroup section */

/* Begin XCBuildConfiguration section */
		0F76D53715F4A0FC00055E15 /* Debug */ = {
			isa = XCBuildConfiguration;
			buildSettings = {
				ALWAYS_SEARCH_USER_PATHS = YES;
				CLANG_CXX_LANGUAGE_STANDARD = "gnu++0x";
				CLANG_WARN_BOOL_CONVERSION = YES;
				CLANG_WARN_CONSTANT_CONVERSION = YES;
				CLANG_WARN_EMPTY_BODY = YES;
				CLANG_WARN_ENUM_CONVERSION = YES;
				CLANG_WARN_INT_CONVERSION = YES;
				CLANG_WARN__DUPLICATE_METHOD_MATCH = YES;
				"CODE_SIGN_IDENTITY[sdk=iphoneos*]" = "iPhone Developer";
				COPY_PHASE_STRIP = NO;
				GCC_C_LANGUAGE_STANDARD = gnu99;
				GCC_DYNAMIC_NO_PIC = NO;
				GCC_OPTIMIZATION_LEVEL = 0;
				GCC_PREPROCESSOR_DEFINITIONS = (
					"DEBUG=1",
					"$(inherited)",
				);
				GCC_SYMBOLS_PRIVATE_EXTERN = NO;
				GCC_VERSION = com.apple.compilers.llvm.clang.1_0;
				GCC_WARN_ABOUT_RETURN_TYPE = YES;
				GCC_WARN_UNDECLARED_SELECTOR = YES;
				GCC_WARN_UNINITIALIZED_AUTOS = YES;
				GCC_WARN_UNUSED_FUNCTION = YES;
				GCC_WARN_UNUSED_VARIABLE = YES;
				GENERATE_PKGINFO_FILE = YES;
				HEADER_SEARCH_PATHS = "\"$(SRCROOT)/TEST_Speex_001\"/**";
				IPHONEOS_DEPLOYMENT_TARGET = 5.1;
				LIBRARY_SEARCH_PATHS = "\"$(SRCROOT)/TEST_Speex_001\"/**";
				New_Setting = "";
				ONLY_ACTIVE_ARCH = YES;
				PRODUCT_NAME = TEST_Speex_001;
				SDKROOT = iphoneos;
			};
			name = Debug;
		};
		0F76D53815F4A0FC00055E15 /* Release */ = {
			isa = XCBuildConfiguration;
			buildSettings = {
				ALWAYS_SEARCH_USER_PATHS = YES;
				CLANG_CXX_LANGUAGE_STANDARD = "gnu++0x";
				CLANG_WARN_BOOL_CONVERSION = YES;
				CLANG_WARN_CONSTANT_CONVERSION = YES;
				CLANG_WARN_EMPTY_BODY = YES;
				CLANG_WARN_ENUM_CONVERSION = YES;
				CLANG_WARN_INT_CONVERSION = YES;
				CLANG_WARN__DUPLICATE_METHOD_MATCH = YES;
				"CODE_SIGN_IDENTITY[sdk=iphoneos*]" = "iPhone Developer";
				COPY_PHASE_STRIP = YES;
				GCC_C_LANGUAGE_STANDARD = gnu99;
				GCC_VERSION = com.apple.compilers.llvm.clang.1_0;
				GCC_WARN_ABOUT_RETURN_TYPE = YES;
				GCC_WARN_UNDECLARED_SELECTOR = YES;
				GCC_WARN_UNINITIALIZED_AUTOS = YES;
				GCC_WARN_UNUSED_FUNCTION = YES;
				GCC_WARN_UNUSED_VARIABLE = YES;
				GENERATE_PKGINFO_FILE = YES;
				HEADER_SEARCH_PATHS = "\"$(SRCROOT)/TEST_Speex_001\"/**";
				IPHONEOS_DEPLOYMENT_TARGET = 5.1;
				LIBRARY_SEARCH_PATHS = "\"$(SRCROOT)/TEST_Speex_001\"/**";
				New_Setting = "";
				OTHER_CFLAGS = "-DNS_BLOCK_ASSERTIONS=1";
				PRODUCT_NAME = TEST_Speex_001;
				SDKROOT = iphoneos;
				VALIDATE_PRODUCT = YES;
			};
			name = Release;
		};
		0F76D53A15F4A0FC00055E15 /* Debug */ = {
			isa = XCBuildConfiguration;
			buildSettings = {
				CLANG_ENABLE_OBJC_ARC = YES;
				GCC_PRECOMPILE_PREFIX_HEADER = YES;
				GCC_PREFIX_HEADER = "TEST_Speex_001/TEST_Speex_001-Prefix.pch";
				HEADER_SEARCH_PATHS = (
					"$(inherited)",
					"\"$(SRCROOT)/$(PRODUCT_NAME)\"/**",
				);
				INFOPLIST_FILE = "TEST_Speex_001/TEST_Speex_001-Info.plist";
				LIBRARY_SEARCH_PATHS = (
					"$(inherited)",
					"\"$(SRCROOT)\"",
				);
				OTHER_LDFLAGS = "-all_load";
				PRODUCT_NAME = TEST_Speex_001;
				WRAPPER_EXTENSION = app;
			};
			name = Debug;
		};
		0F76D53B15F4A0FC00055E15 /* Release */ = {
			isa = XCBuildConfiguration;
			buildSettings = {
				CLANG_ENABLE_OBJC_ARC = YES;
				GCC_PRECOMPILE_PREFIX_HEADER = YES;
				GCC_PREFIX_HEADER = "TEST_Speex_001/TEST_Speex_001-Prefix.pch";
				HEADER_SEARCH_PATHS = (
					"$(inherited)",
					"\"$(SRCROOT)/$(PRODUCT_NAME)\"/**",
				);
				INFOPLIST_FILE = "TEST_Speex_001/TEST_Speex_001-Info.plist";
				LIBRARY_SEARCH_PATHS = (
					"$(inherited)",
					"\"$(SRCROOT)\"",
				);
				OTHER_LDFLAGS = "-all_load";
				PRODUCT_NAME = TEST_Speex_001;
				WRAPPER_EXTENSION = app;
			};
			name = Release;
		};
/* End XCBuildConfiguration section */

/* Begin XCConfigurationList section */
		0F76D51515F4A0FC00055E15 /* Build configuration list for PBXProject "TEST_Speex_001" */ = {
			isa = XCConfigurationList;
			buildConfigurations = (
				0F76D53715F4A0FC00055E15 /* Debug */,
				0F76D53815F4A0FC00055E15 /* Release */,
			);
			defaultConfigurationIsVisible = 0;
			defaultConfigurationName = Release;
		};
		0F76D53915F4A0FC00055E15 /* Build configuration list for PBXNativeTarget "TEST_Speex_001" */ = {
			isa = XCConfigurationList;
			buildConfigurations = (
				0F76D53A15F4A0FC00055E15 /* Debug */,
				0F76D53B15F4A0FC00055E15 /* Release */,
			);
			defaultConfigurationIsVisible = 0;
			defaultConfigurationName = Release;
		};
/* End XCConfigurationList section */
	};
	rootObject = 0F76D51215F4A0FC00055E15 /* Project object */;
}
